
Microsoft Visual Studio Solution File, Format Version 11.00
# Visual C++ Express 2010
Project("{8BC9CEB8-8B4A-11D0-8D11-00A0C91BC942}") = "Program8 Solution Lippe", "Program8 Solution Lippe\Program8 Solution Lippe.vcxproj", "{CF3B8576-3B86-42A1-8A09-F95658118EFD}"
EndProject
Global
	GlobalSection(SolutionConfigurationPlatforms) = preSolution
		Debug|Win32 = Debug|Win32
		Release|Win32 = Release|Win32
	EndGlobalSection
	GlobalSection(ProjectConfigurationPlatforms) = postSolution
		{CF3B8576-3B86-42A1-8A09-F95658118EFD}.Debug|Win32.ActiveCfg = Debug|Win32
		{CF3B8576-3B86-42A1-8A09-F95658118EFD}.Debug|Win32.Build.0 = Debug|Win32
		{CF3B8576-3B86-42A1-8A09-F95658118EFD}.Release|Win32.ActiveCfg = Release|Win32
		{CF3B8576-3B86-42A1-8A09-F95658118EFD}.Release|Win32.Build.0 = Release|Win32
	EndGlobalSection
	GlobalSection(SolutionProperties) = preSolution
		HideSolutionNode = FALSE
	EndGlobalSection
EndGlobal
